Microsoft Visual Studio Solution File, Format Version 12.00
# Visual Studio 14
Project("{8BC9CEB8-8B4A-11D0-8D11-00A0C91BC942}") = "ALL_BUILD", "ALL_BUILD.vcxproj", "{01F84AA4-10DD-37B6-A62D-5EBE24F5DDE8}"
	ProjectSection(ProjectDependencies) = postProject
		{9F682DCF-9397-3555-B4C6-A972321530B2} = {9F682DCF-9397-3555-B4C6-A972321530B2}
		{52C98299-D45A-3403-A255-19B6E585B294} = {52C98299-D45A-3403-A255-19B6E585B294}
	EndProjectSection
EndProject
Project("{8BC9CEB8-8B4A-11D0-8D11-00A0C91BC942}") = "ZERO_CHECK", "ZERO_CHECK.vcxproj", "{9F682DCF-9397-3555-B4C6-A972321530B2}"
	ProjectSection(ProjectDependencies) = postProject
	EndProjectSection
EndProject
Project("{8BC9CEB8-8B4A-11D0-8D11-00A0C91BC942}") = "f_latency_test", "f_latency_test.vcxproj", "{52C98299-D45A-3403-A255-19B6E585B294}"
	ProjectSection(ProjectDependencies) = postProject
		{9F682DCF-9397-3555-B4C6-A972321530B2} = {9F682DCF-9397-3555-B4C6-A972321530B2}
	EndProjectSection
EndProject
Global
	GlobalSection(SolutionConfigurationPlatforms) = preSolution
		Debug|x64 = Debug|x64
		Release|x64 = Release|x64
		MinSizeRel|x64 = MinSizeRel|x64
		RelWithDebInfo|x64 = RelWithDebInfo|x64
	EndGlobalSection
	GlobalSection(ProjectConfigurationPlatforms) = postSolution
		{01F84AA4-10DD-37B6-A62D-5EBE24F5DDE8}.Debug|x64.ActiveCfg = Debug|x64
		{01F84AA4-10DD-37B6-A62D-5EBE24F5DDE8}.Release|x64.ActiveCfg = Release|x64
		{01F84AA4-10DD-37B6-A62D-5EBE24F5DDE8}.MinSizeRel|x64.ActiveCfg = MinSizeRel|x64
		{01F84AA4-10DD-37B6-A62D-5EBE24F5DDE8}.RelWithDebInfo|x64.ActiveCfg = RelWithDebInfo|x64
		{9F682DCF-9397-3555-B4C6-A972321530B2}.Debug|x64.ActiveCfg = Debug|x64
		{9F682DCF-9397-3555-B4C6-A972321530B2}.Debug|x64.Build.0 = Debug|x64
		{9F682DCF-9397-3555-B4C6-A972321530B2}.Release|x64.ActiveCfg = Release|x64
		{9F682DCF-9397-3555-B4C6-A972321530B2}.Release|x64.Build.0 = Release|x64
		{9F682DCF-9397-3555-B4C6-A972321530B2}.MinSizeRel|x64.ActiveCfg = MinSizeRel|x64
		{9F682DCF-9397-3555-B4C6-A972321530B2}.MinSizeRel|x64.Build.0 = MinSizeRel|x64
		{9F682DCF-9397-3555-B4C6-A972321530B2}.RelWithDebInfo|x64.ActiveCfg = RelWithDebInfo|x64
		{9F682DCF-9397-3555-B4C6-A972321530B2}.RelWithDebInfo|x64.Build.0 = RelWithDebInfo|x64
		{52C98299-D45A-3403-A255-19B6E585B294}.Debug|x64.ActiveCfg = Debug|x64
		{52C98299-D45A-3403-A255-19B6E585B294}.Debug|x64.Build.0 = Debug|x64
		{52C98299-D45A-3403-A255-19B6E585B294}.Release|x64.ActiveCfg = Release|x64
		{52C98299-D45A-3403-A255-19B6E585B294}.Release|x64.Build.0 = Release|x64
		{52C98299-D45A-3403-A255-19B6E585B294}.MinSizeRel|x64.ActiveCfg = MinSizeRel|x64
		{52C98299-D45A-3403-A255-19B6E585B294}.MinSizeRel|x64.Build.0 = MinSizeRel|x64
		{52C98299-D45A-3403-A255-19B6E585B294}.RelWithDebInfo|x64.ActiveCfg = RelWithDebInfo|x64
		{52C98299-D45A-3403-A255-19B6E585B294}.RelWithDebInfo|x64.Build.0 = RelWithDebInfo|x64
	EndGlobalSection
	GlobalSection(ExtensibilityGlobals) = postSolution
	EndGlobalSection
	GlobalSection(ExtensibilityAddIns) = postSolution
	EndGlobalSection
EndGlobal
